
Microsoft Visual Studio Solution File, Format Version 12.00
# Visual Studio Version 17
VisualStudioVersion = 17.12.35506.116 d17.12
MinimumVisualStudioVersion = 10.0.40219.1
Project("{FAE04EC0-301F-11D3-BF4B-00C04F79EFBC}") = "Viking Logix Utility", "Viking Logix Utility\Viking Logix Utility.csproj", "{B666D9A4-714E-45D6-BA05-E9E61AACA34F}"
EndProject
Project("{FAE04EC0-301F-11D3-BF4B-00C04F79EFBC}") = "VikingLibPlcTagNet", "VikingLibPlcTagNet\VikingLibPlcTagNet.csproj", "{7858354C-1030-4B69-8638-9D6B67BE3D59}"
EndProject
Global
	GlobalSection(SolutionConfigurationPlatforms) = preSolution
		Debug|Any CPU = Debug|Any CPU
		Release|Any CPU = Release|Any CPU
	EndGlobalSection
	GlobalSection(ProjectConfigurationPlatforms) = postSolution
		{B666D9A4-714E-45D6-BA05-E9E61AACA34F}.Debug|Any CPU.ActiveCfg = Debug|Any CPU
		{B666D9A4-714E-45D6-BA05-E9E61AACA34F}.Debug|Any CPU.Build.0 = Debug|Any CPU
		{B666D9A4-714E-45D6-BA05-E9E61AACA34F}.Release|Any CPU.ActiveCfg = Release|Any CPU
		{B666D9A4-714E-45D6-BA05-E9E61AACA34F}.Release|Any CPU.Build.0 = Release|Any CPU
		{7858354C-1030-4B69-8638-9D6B67BE3D59}.Debug|Any CPU.ActiveCfg = Debug|Any CPU
		{7858354C-1030-4B69-8638-9D6B67BE3D59}.Debug|Any CPU.Build.0 = Debug|Any CPU
		{7858354C-1030-4B69-8638-9D6B67BE3D59}.Release|Any CPU.ActiveCfg = Release|Any CPU
		{7858354C-1030-4B69-8638-9D6B67BE3D59}.Release|Any CPU.Build.0 = Release|Any CPU
	EndGlobalSection
	GlobalSection(SolutionProperties) = preSolution
		HideSolutionNode = FALSE
	EndGlobalSection
EndGlobal
